
Microsoft Visual Studio Solution File, Format Version 12.00
# Visual Studio 15
VisualStudioVersion = 15.0.26403.7
MinimumVisualStudioVersion = 10.0.40219.1
Project("{8BC9CEB8-8B4A-11D0-8D11-00A0C91BC942}") = "beng_beng", "beng_beng\beng_beng.vcxproj", "{C9E6950E-1955-4AB7-ABC9-CB480BE3614B}"
	ProjectSection(ProjectDependencies) = postProject
		{E2BCFF12-2CAA-4F7D-A5B2-BC1C07174808} = {E2BCFF12-2CAA-4F7D-A5B2-BC1C07174808}
	EndProjectSection
EndProject
Project("{8BC9CEB8-8B4A-11D0-8D11-00A0C91BC942}") = "beng_beng Engine", "beng_beng Engine\beng_beng Engine.vcxproj", "{E2BCFF12-2CAA-4F7D-A5B2-BC1C07174808}"
EndProject
Project("{8BC9CEB8-8B4A-11D0-8D11-00A0C91BC942}") = "Unit Tests", "Unit Tests\Unit Tests.vcxproj", "{3719ABF4-2F04-46BB-9E3E-397177D438AC}"
	ProjectSection(ProjectDependencies) = postProject
		{E2BCFF12-2CAA-4F7D-A5B2-BC1C07174808} = {E2BCFF12-2CAA-4F7D-A5B2-BC1C07174808}
	EndProjectSection
EndProject
Global
	GlobalSection(SolutionConfigurationPlatforms) = preSolution
		Debug|x64 = Debug|x64
		Debug|x86 = Debug|x86
		Release|x64 = Release|x64
		Release|x86 = Release|x86
	EndGlobalSection
	GlobalSection(ProjectConfigurationPlatforms) = postSolution
		{C9E6950E-1955-4AB7-ABC9-CB480BE3614B}.Debug|x64.ActiveCfg = Debug|x64
		{C9E6950E-1955-4AB7-ABC9-CB480BE3614B}.Debug|x64.Build.0 = Debug|x64
		{C9E6950E-1955-4AB7-ABC9-CB480BE3614B}.Debug|x86.ActiveCfg = Debug|Win32
		{C9E6950E-1955-4AB7-ABC9-CB480BE3614B}.Debug|x86.Build.0 = Debug|Win32
		{C9E6950E-1955-4AB7-ABC9-CB480BE3614B}.Release|x64.ActiveCfg = Release|x64
		{C9E6950E-1955-4AB7-ABC9-CB480BE3614B}.Release|x64.Build.0 = Release|x64
		{C9E6950E-1955-4AB7-ABC9-CB480BE3614B}.Release|x86.ActiveCfg = Release|Win32
		{C9E6950E-1955-4AB7-ABC9-CB480BE3614B}.Release|x86.Build.0 = Release|Win32
		{E2BCFF12-2CAA-4F7D-A5B2-BC1C07174808}.Debug|x64.ActiveCfg = Debug|x64
		{E2BCFF12-2CAA-4F7D-A5B2-BC1C07174808}.Debug|x64.Build.0 = Debug|x64
		{E2BCFF12-2CAA-4F7D-A5B2-BC1C07174808}.Debug|x86.ActiveCfg = Debug|Win32
		{E2BCFF12-2CAA-4F7D-A5B2-BC1C07174808}.Debug|x86.Build.0 = Debug|Win32
		{E2BCFF12-2CAA-4F7D-A5B2-BC1C07174808}.Release|x64.ActiveCfg = Release|x64
		{E2BCFF12-2CAA-4F7D-A5B2-BC1C07174808}.Release|x64.Build.0 = Release|x64
		{E2BCFF12-2CAA-4F7D-A5B2-BC1C07174808}.Release|x86.ActiveCfg = Release|Win32
		{E2BCFF12-2CAA-4F7D-A5B2-BC1C07174808}.Release|x86.Build.0 = Release|Win32
		{3719ABF4-2F04-46BB-9E3E-397177D438AC}.Debug|x64.ActiveCfg = Debug|x64
		{3719ABF4-2F04-46BB-9E3E-397177D438AC}.Debug|x86.ActiveCfg = Debug|Win32
		{3719ABF4-2F04-46BB-9E3E-397177D438AC}.Debug|x86.Build.0 = Debug|Win32
		{3719ABF4-2F04-46BB-9E3E-397177D438AC}.Release|x64.ActiveCfg = Release|x64
		{3719ABF4-2F04-46BB-9E3E-397177D438AC}.Release|x86.ActiveCfg = Release|Win32
		{3719ABF4-2F04-46BB-9E3E-397177D438AC}.Release|x86.Build.0 = Release|Win32
	EndGlobalSection
	GlobalSection(SolutionProperties) = preSolution
		HideSolutionNode = FALSE
	EndGlobalSection
	GlobalSection(ExtensibilityGlobals) = postSolution
		SolutionGuid = {F189B307-A8C9-4946-B5A3-D418D8F10BD9}
	EndGlobalSection
EndGlobal
